# This file is autogenerated, do not edit; changes may be undone by the next 'dep ensure'.


[[projects]]
  branch = "master"
  digest = "1:81f8c061c3d18ed1710957910542bc17d2b789c6cd19e0f654c30b35fd255ca5"
  name = "github.com/Azure/go-ansiterm"
  packages = [
    ".",
    "winterm"
  ]
  pruneopts = "NUT"
  revision = "d6e3b3328b783f23731bc4d058875b0371ff8109"

[[projects]]
  digest = "1:5d72bbcc9c8667b11c3dc3cbe681c5a6f71e5096744c0bf7726ab5c6425d5dc4"
  name = "github.com/BurntSushi/toml"
  packages = ["."]
  pruneopts = "NUT"
  revision = "3012a1dbe2e4bd1391d42b32f0577cb7bbc7f005"
  version = "v0.3.1"

[[projects]]
  branch = "master"
  digest = "1:5c3da1e5d06de403fff791e185009015230b30111aabd56125cae296b7e581cf"
  name = "github.com/MakeNowJust/heredoc"
  packages = ["."]
  pruneopts = "NUT"
  revision = "e9091a26100e9cfb2b6a8f470085bfa541931a91"

[[projects]]
  digest = "1:25870183293a3fb61cc9afd060a61d63a486f091db72af01a8ea3449f5ca530d"
  name = "github.com/Masterminds/goutils"
  packages = ["."]
  pruneopts = "NUT"
  revision = "41ac8693c5c10a92ea1ff5ac3a7f95646f6123b0"
  version = "v1.1.0"

[[projects]]
  digest = "1:a26f8da48b22e6176c1c6a2459904bb30bd0c49ada04b2963c2c3a203e81a620"
  name = "github.com/Masterminds/semver"
  packages = ["."]
  pruneopts = "NUT"
  revision = "c7af12943936e8c39859482e61f0574c2fd7fc75"
  version = "v1.4.2"

[[projects]]
  digest = "1:876a1121171c083c4e3a4789683d02a40c0f644c8190da521d15b59799f556d6"
  name = "github.com/Masterminds/sprig"
  packages = ["."]
  pruneopts = "NUT"
  revision = "9f8fceff796fb9f4e992cd2bece016be0121ab74"
  version = "2.19.0"

[[projects]]
  digest = "1:0a111edd8693fd977f42a0c4f199a0efb13c20aec9da99ad8830c7bb6a87e8d6"
  name = "github.com/PuerkitoBio/purell"
  packages = ["."]
  pruneopts = "NUT"
  revision = "44968752391892e1b0d0b821ee79e9a85fa13049"
  version = "v1.1.1"

[[projects]]
  branch = "master"
  digest = "1:8098cd40cd09879efbf12e33bcd51ead4a66006ac802cd563a66c4f3373b9727"
  name = "github.com/PuerkitoBio/urlesc"
  packages = ["."]
  pruneopts = "NUT"
  revision = "de5bf2ad457846296e2031421a34e2568e304e35"

[[projects]]
  digest = "1:680b63a131506e668818d630d3ca36123ff290afa0afc9f4be21940adca3f27d"
  name = "github.com/appscode/jsonpatch"
  packages = ["."]
  pruneopts = "NUT"
  revision = "7c0e3b262f30165a8ec3d0b4c6059fd92703bfb2"
  version = "1.0.0"

[[projects]]
  digest = "1:707ebe952a8b3d00b343c01536c79c73771d100f63ec6babeaed5c79e2b8a8dd"
  name = "github.com/beorn7/perks"
  packages = ["quantile"]
  pruneopts = "NUT"
  revision = "4b2b341e8d7715fae06375aa633dbb6e91b3fb46"
  version = "v1.0.0"

[[projects]]
  branch = "master"
  digest = "1:95e08278c876d185ba67533f045e9e63b3c9d02cbd60beb0f4dbaa2344a13ac2"
  name = "github.com/chai2010/gettext-go"
  packages = [
    "gettext",
    "gettext/mo",
    "gettext/plural",
    "gettext/po"
  ]
  pruneopts = "NUT"
  revision = "bf70f2a70fb1b1f36d90d671a72795984eab0fcb"

[[projects]]
  digest = "1:8449bb0c1da0fd7ec4706afb5ae46ad0ad658fd87f17a7eb067c5a307ffe3818"
  name = "github.com/cyphar/filepath-securejoin"
  packages = ["."]
  pruneopts = "NUT"
  revision = "a261ee33d7a517f054effbf451841abaafe3e0fd"
  version = "v0.2.2"

[[projects]]
  digest = "1:ffe9824d294da03b391f44e1ae8281281b4afc1bdaa9588c9097785e3af10cec"
  name = "github.com/davecgh/go-spew"
  packages = ["spew"]
  pruneopts = "NUT"
  revision = "8991bc29aa16c548c550c7ff78260e27b9ab7c73"
  version = "v1.1.1"

[[projects]]
  digest = "1:4ddc17aeaa82cb18c5f0a25d7c253a10682f518f4b2558a82869506eec223d76"
  name = "github.com/docker/distribution"
  packages = [
    "digestset",
    "reference"
  ]
  pruneopts = "NUT"
  revision = "2461543d988979529609e8cb6fca9ca190dc48da"
  version = "v2.7.1"

[[projects]]
  digest = "1:5c709df1e94c6dbee6fdd9699b11e3cdfa06870b1e828e9311e4e879b2ae6a4a"
  name = "github.com/docker/docker"
  packages = [
    "pkg/term",
    "pkg/term/windows"
  ]
  pruneopts = "NUT"
  revision = "a9fbbdc8dd8794b20af358382ab780559bca589d"

[[projects]]
  branch = "master"
  digest = "1:eb8f1b1913bffd6e788deee9fe4ba3a4d83267aff6045d3be33105e35ece290b"
  name = "github.com/docker/spdystream"
  packages = [
    ".",
    "spdy"
  ]
  pruneopts = "NUT"
  revision = "6480d4af844c189cf5dd913db24ddd339d3a4f85"

[[projects]]
  digest = "1:4304cca260ab815326ca42d9c28fb843342748267034c51963e13f5e54e727d1"
  name = "github.com/evanphx/json-patch"
  packages = ["."]
  pruneopts = "NUT"
  revision = "026c730a0dcc5d11f93f1cf1cc65b01247ea7b6f"
  version = "v4.5.0"

[[projects]]
  branch = "master"
  digest = "1:857c01c483190325e4e4c967db37ace964b32cb3024f1d2d3890f2e56b5d7ce7"
  name = "github.com/exponent-io/jsonpath"
  packages = ["."]
  pruneopts = "NUT"
  revision = "d6023ce2651d8eafb5c75bb0c7167536102ec9f5"

[[projects]]
  digest = "1:59b55d57e1c4616eb376183c42b1b6ffd3c3fef868e96495c222fc4c53627ee8"
  name = "github.com/gardener/gardener"
  packages = [
    "pkg/apis/core",
    "pkg/apis/core/v1alpha1",
    "pkg/apis/core/v1alpha1/helper",
    "pkg/apis/extensions",
    "pkg/apis/extensions/v1alpha1",
    "pkg/apis/extensions/v1alpha1/helper",
    "pkg/apis/garden",
    "pkg/apis/garden/v1beta1",
    "pkg/chartrenderer",
    "pkg/client/core/clientset/versioned",
    "pkg/client/core/clientset/versioned/scheme",
    "pkg/client/core/clientset/versioned/typed/core/v1alpha1",
    "pkg/client/extensions/clientset/versioned/scheme",
    "pkg/client/garden/clientset/versioned",
    "pkg/client/garden/clientset/versioned/scheme",
    "pkg/client/garden/clientset/versioned/typed/garden/v1beta1",
    "pkg/client/garden/listers/garden/v1beta1",
    "pkg/client/kubernetes",
    "pkg/client/machine/clientset/versioned",
    "pkg/client/machine/clientset/versioned/scheme",
    "pkg/client/machine/clientset/versioned/typed/machine/v1alpha1",
    "pkg/logger",
    "pkg/operation/common",
    "pkg/operation/terraformer",
    "pkg/utils",
    "pkg/utils/chart",
    "pkg/utils/flow",
    "pkg/utils/imagevector",
    "pkg/utils/kubernetes",
    "pkg/utils/kubernetes/health",
    "pkg/utils/secrets"
  ]
  pruneopts = "NUT"
  revision = "f718e4bd65f08a62a8fa7836dcebb8e7d2476c1e"

[[projects]]
  digest = "1:d56adb2a91a24e296841048ce70b7908151fae16b318abdd53c3618410886205"
  name = "github.com/gardener/gardener-extensions"
  packages = [
    "pkg/controller",
    "pkg/controller/cmd",
    "pkg/controller/controlplane",
    "pkg/controller/controlplane/genericactuator",
    "pkg/controller/error",
    "pkg/controller/infrastructure",
    "pkg/controller/worker",
    "pkg/controller/worker/genericactuator",
    "pkg/mock/controller-runtime/client",
    "pkg/mock/gardener/client/kubernetes",
    "pkg/util"
  ]
  pruneopts = "NUT"
  revision = "946f575a6489de2c884973e27d0e15ca66ab96c5"

[[projects]]
  digest = "1:be08b3a88137d497fc3008eaadba7b05d151c6106ebd3d1df54af7b07320562a"
  name = "github.com/gardener/machine-controller-manager"
  packages = [
    "pkg/apis/machine",
    "pkg/apis/machine/v1alpha1",
    "pkg/client/clientset/versioned/scheme"
  ]
  pruneopts = "NUT"
  revision = "119056ee3fddc24a33b206ba89958da30535bd02"

[[projects]]
  digest = "1:81466b4218bf6adddac2572a30ac733a9255919bc2f470b4827a317bd4ee1756"
  name = "github.com/ghodss/yaml"
  packages = ["."]
  pruneopts = "NUT"
  revision = "0ca9ea5df5451ffdf184b4428c902747c2c11cd7"
  version = "v1.0.0"

[[projects]]
  digest = "1:53becd66889185091b58ea3fc49294996f2179fb05a89702f4de7d15e581b509"
  name = "github.com/go-logr/logr"
  packages = ["."]
  pruneopts = "NUT"
  revision = "9fb12b3b21c5415d16ac18dc5cd42c1cfdd40c4e"
  version = "v0.1.0"

[[projects]]
  digest = "1:340497a512995aa69c0add901d79a2096b3449d35a44a6f1f1115091a9f8c687"
  name = "github.com/go-logr/zapr"
  packages = ["."]
  pruneopts = "NUT"
  revision = "03f06a783fbb7dfaf3f629c7825480e43a7105e6"
  version = "v0.1.1"

[[projects]]
  digest = "1:260f7ebefc63024c8dfe2c9f1a2935a89fa4213637a1f522f592f80c001cc441"
  name = "github.com/go-openapi/jsonpointer"
  packages = ["."]
  pruneopts = "NUT"
  revision = "a105a905c5e6ad147f08504784917f3e178e0ba5"
  version = "v0.19.2"

[[projects]]
  digest = "1:98abd61947ff5c7c6fcfec5473d02a4821ed3a2dd99a4fbfdb7925b0dd745546"
  name = "github.com/go-openapi/jsonreference"
  packages = ["."]
  pruneopts = "NUT"
  revision = "2903bfd4bfbaf188694f1edf731f2725a8fa344f"
  version = "v0.19.2"

[[projects]]
  digest = "1:f04cb7797917efbe9d9efd509a311f28930a9ee7ef1e047d01808d64ded53554"
  name = "github.com/go-openapi/spec"
  packages = ["."]
  pruneopts = "NUT"
  revision = "bdfd7e07daecc404d77868a88b2364d0aed0ee5a"
  version = "v0.19.2"

[[projects]]
  digest = "1:10332cabbb0525ad9384874b4c0e23501540b7f469ab4177f47f227d46ad2dca"
  name = "github.com/go-openapi/swag"
  packages = ["."]
  pruneopts = "NUT"
  revision = "7e8dd5ceab83c86d17bc967d09e195414fe2b47e"
  version = "v0.19.2"

[[projects]]
  digest = "1:53151cc4366e3945282d4b783fd41f35222cabbc75601e68d8133648c63498d1"
  name = "github.com/gobuffalo/envy"
  packages = ["."]
  pruneopts = "NUT"
  revision = "043cb4b8af871b49563291e32c66bb84378a60ac"
  version = "v1.7.0"

[[projects]]
  branch = "master"
  digest = "1:00da8dfd876a14358de6cf64a45c979b54520b362773c6badfc108141222dab0"
  name = "github.com/gobuffalo/logger"
  packages = ["."]
  pruneopts = "NUT"
  revision = "86e12af44bc273e0063fad5b6ad588890b8cfe6b"

[[projects]]
  digest = "1:0cb659dc37a5befcb1214135f7480dd2c23796b805fb268a093048680f3d38a9"
  name = "github.com/gobuffalo/packd"
  packages = ["."]
  pruneopts = "NUT"
  revision = "9d6116a72e8e57fc75d9b5d6be07ed31bcd673d0"
  version = "v0.2.0"

[[projects]]
  digest = "1:8c802635772a51cd69121144d4f0949ae5283271563505a459a361dcea07a79e"
  name = "github.com/gobuffalo/packr"
  packages = [
    "v2",
    "v2/file",
    "v2/file/resolver",
    "v2/file/resolver/encoding/hex",
    "v2/jam/parser",
    "v2/plog"
  ]
  pruneopts = "NUT"
  revision = "4b81a885b1a9f39cd9b53a46e16a7fce4b6734ae"
  version = "v1.26.0"

[[projects]]
  digest = "1:6a7159c5f8f8826207545407a458b43ab6599c1c8a2271465c2e979ecea1dcd4"
  name = "github.com/gobwas/glob"
  packages = [
    ".",
    "compiler",
    "match",
    "syntax",
    "syntax/ast",
    "syntax/lexer",
    "util/runes",
    "util/strings"
  ]
  pruneopts = "NUT"
  revision = "5ccd90ef52e1e632236f7326478d4faa74f99438"
  version = "v0.2.3"

[[projects]]
  digest = "1:a1b2a5e38f79688ee8250942d5fa960525fceb1024c855c7bc76fa77b0f3cca2"
  name = "github.com/gogo/protobuf"
  packages = [
    "proto",
    "sortkeys"
  ]
  pruneopts = "NUT"
  revision = "ba06b47c162d49f2af050fb4c75bcbc86a159d5c"
  version = "v1.2.1"

[[projects]]
  branch = "master"
  digest = "1:b7cb6054d3dff43b38ad2e92492f220f57ae6087ee797dca298139776749ace8"
  name = "github.com/golang/groupcache"
  packages = ["lru"]
  pruneopts = "NUT"
  revision = "5b532d6fd5efaf7fa130d4e859a2fde0fc3a9e1b"

[[projects]]
  digest = "1:e6eb1dec8cf5be2ac3fad30e00ce80c9f0e61239478d0ef6b5616f068590d8e8"
  name = "github.com/golang/mock"
  packages = ["gomock"]
  pruneopts = "NT"
  revision = "9fa652df1129bef0e734c9cf9bf6dbae9ef3b9fa"
  version = "1.3.1"

[[projects]]
  digest = "1:2d0636a8c490d2272dd725db26f74a537111b99b9dbdda0d8b98febe63702aa4"
  name = "github.com/golang/protobuf"
  packages = [
    "proto",
    "ptypes",
    "ptypes/any",
    "ptypes/duration",
    "ptypes/timestamp"
  ]
  pruneopts = "NUT"
  revision = "b5d812f8a3706043e23a9cd5babf2e5423744d30"
  version = "v1.3.1"

[[projects]]
  digest = "1:05f95ffdfcf651bdb0f05b40b69e7f5663047f8da75c72d58728acb59b5cc107"
  name = "github.com/google/btree"
  packages = ["."]
  pruneopts = "NUT"
  revision = "4030bb1f1f0c35b30ca7009e9ebd06849dd45306"
  version = "v1.0.0"

[[projects]]
  digest = "1:52c5834e2bebac9030c97cc0798ac11c3aa8a39f098aeb419f142533da6cd3cc"
  name = "github.com/google/gofuzz"
  packages = ["."]
  pruneopts = "NUT"
  revision = "f140a6486e521aad38f5917de355cbf147cc0496"
  version = "v1.0.0"

[[projects]]
  digest = "1:ab3ec1fe3e39bac4b3ab63390767766622be35b7cab03f47f787f9ec60522a53"
  name = "github.com/google/uuid"
  packages = ["."]
  pruneopts = "NUT"
  revision = "0cd6bf5da1e1c83f8b45653022c74f71af0538a4"
  version = "v1.1.1"

[[projects]]
  digest = "1:459a00967aaf06edff3228e128dd243d7c91b0fc11ad2f7ceaa98f094bf66796"
  name = "github.com/googleapis/gnostic"
  packages = [
    "OpenAPIv2",
    "compiler",
    "extensions"
  ]
  pruneopts = "NUT"
  revision = "e73c7ec21d36ddb0711cb36d1502d18363b5c2c9"
  version = "v0.3.0"

[[projects]]
  branch = "master"
  digest = "1:a86d65bc23eea505cd9139178e4d889733928fe165c7a008f41eaab039edf9df"
  name = "github.com/gregjones/httpcache"
  packages = [
    ".",
    "diskcache"
  ]
  pruneopts = "NUT"
  revision = "901d90724c7919163f472a9812253fb26761123d"

[[projects]]
  digest = "1:5872c7f130f62fc34bfda20babad36be6309c00b5c9207717f7cd2a51536fff4"
  name = "github.com/grpc-ecosystem/go-grpc-prometheus"
  packages = ["."]
  pruneopts = "NUT"
  revision = "c225b8c3b01faf2899099b768856a9e916e5087b"
  version = "v1.2.0"

[[projects]]
  digest = "1:f0d9d74edbd40fdeada436d5ac9cb5197407899af3fef85ff0137077ffe8ae19"
  name = "github.com/hashicorp/errwrap"
  packages = ["."]
  pruneopts = "NUT"
  revision = "8a6fb523712970c966eefc6b39ed2c5e74880354"
  version = "v1.0.0"

[[projects]]
  digest = "1:2ed138049ab373f696db2081ca48f15c5abdf20893803612a284f2bdce2bf443"
  name = "github.com/hashicorp/go-multierror"
  packages = ["."]
  pruneopts = "NUT"
  revision = "3d5d8f294aa03d8e98859feac328afbdf1ae0703"

[[projects]]
  digest = "1:52094d0f8bdf831d1a2401e9b6fee5795fdc0b2a2d1f8bb1980834c289e79129"
  name = "github.com/hashicorp/golang-lru"
  packages = [
    ".",
    "simplelru"
  ]
  pruneopts = "NUT"
  revision = "7087cb70de9f7a8bc0a10c375cb0d2280a8edf9c"
  version = "v0.5.1"

[[projects]]
  digest = "1:dc54242755f5b6721dd880843de6e45fe234838ea9149ec8249951880fd5802f"
  name = "github.com/huandu/xstrings"
  packages = ["."]
  pruneopts = "NUT"
  revision = "f02667b379e2fb5916c3cda2cf31e0eb885d79f8"
  version = "v1.2.0"

[[projects]]
  digest = "1:aaa38889f11896ee3644d77e17dc7764cc47f5f3d3b488268df2af2b52541c5f"
  name = "github.com/imdario/mergo"
  packages = ["."]
  pruneopts = "NUT"
  revision = "7c29201646fa3de8506f701213473dd407f19646"
  version = "v0.3.7"

[[projects]]
  digest = "1:406338ad39ab2e37b7f4452906442a3dbf0eb3379dd1f06aafb5c07e769a5fbb"
  name = "github.com/inconshreveable/mousetrap"
  packages = ["."]
  pruneopts = "NUT"
  revision = "76626ae9c91c4f2a10f34cad8ce83ea42c93bb75"
  version = "v1.0"

[[projects]]
  digest = "1:da62aa6632d04e080b8a8b85a59ed9ed1550842a0099a55f3ae3a20d02a3745a"
  name = "github.com/joho/godotenv"
  packages = ["."]
  pruneopts = "NUT"
  revision = "23d116af351c84513e1946b527c88823e476be13"
  version = "v1.3.0"

[[projects]]
  digest = "1:4e903242fe176238aaa469f59d7035f5abf2aa9acfefb8964ddd203651b574e9"
  name = "github.com/json-iterator/go"
  packages = ["."]
  pruneopts = "NUT"
  revision = "0ff49de124c6f76f8494e194af75bde0f1a49a29"
  version = "v1.1.6"

[[projects]]
  digest = "1:41a0be21dde3056c3c9629b7af6d200363201a8582c142b568a1d85fff076a6a"
  name = "github.com/karrick/godirwalk"
  packages = ["."]
  pruneopts = "NUT"
  revision = "5d9678131baf190be178e848fae24580ac12a1e3"
  version = "v1.10.11"

[[projects]]
  digest = "1:58999a98719fddbac6303cb17e8d85b945f60b72f48e3a2df6b950b97fa926f1"
  name = "github.com/konsorten/go-windows-terminal-sequences"
  packages = ["."]
  pruneopts = "NUT"
  revision = "f55edac94c9bbba5d6182a4be46d86a2c9b5b50e"
  version = "v1.0.2"

[[projects]]
  digest = "1:3493089e5754b1471b97e783de2fb38f5bd4b68728d09046ec4a1e7e6ec48574"
  name = "github.com/lib/pq"
  packages = [
    ".",
    "oid",
    "scram"
  ]
  pruneopts = "NUT"
  revision = "bc6a3c0594130b1e34005880bc600b6d3f49fa7f"
  version = "v1.1.1"

[[projects]]
  branch = "master"
  digest = "1:927762c6729b4e72957ba3310e485ed09cf8451c5a637a52fd016a9fe09e7936"
  name = "github.com/mailru/easyjson"
  packages = [
    "buffer",
    "jlexer",
    "jwriter"
  ]
  pruneopts = "NUT"
  revision = "94de47d64c6323a57053b3dd1c97f250cee92741"

[[projects]]
  branch = "master"
  digest = "1:04ceda71def965b54370f9089593723a00f72db5062d377b9d5a11114c41ad1f"
  name = "github.com/markbates/oncer"
  packages = ["."]
  pruneopts = "NUT"
  revision = "bf2de49a0be218916e69a11d22866e6cd0a560f2"

[[projects]]
  digest = "1:a270612d988b6288fdcfe032c8a7393e9c1f5d55da7294feeaf684f12e6315e4"
  name = "github.com/markbates/safe"
  packages = ["."]
  pruneopts = "NUT"
  revision = "6fea05a5732486546a4836b7a1d596c5ec687b98"
  version = "v1.0.1"

[[projects]]
  digest = "1:5985ef4caf91ece5d54817c11ea25f182697534f8ae6521eadcd628c142ac4b6"
  name = "github.com/matttproud/golang_protobuf_extensions"
  packages = ["pbutil"]
  pruneopts = "NUT"
  revision = "c12348ce28de40eed0136aa2b644d0ee0650e56c"
  version = "v1.0.1"

[[projects]]
  digest = "1:b8996d3892dda4382a73abca39fc42ee841adb0531cfacc7278f18cff2b2b902"
  name = "github.com/miekg/dns"
  packages = ["."]
  pruneopts = "NUT"
  revision = "9cfcfb2209aecb663673bd44b11f71c215186b80"
  version = "v1.1.14"

[[projects]]
  digest = "1:9f63926f52745d1f9d6053f8fbbb3bd3983c2c97c0565957e682b8d2f7aad3af"
  name = "github.com/mitchellh/go-wordwrap"
  packages = ["."]
  pruneopts = "NUT"
  revision = "9e67c67572bc5dd02aef930e2b0ae3c02a4b5a5c"
  version = "v1.0.0"

[[projects]]
  digest = "1:2f42fa12d6911c7b7659738758631bec870b7e9b4c6be5444f963cdcfccc191f"
  name = "github.com/modern-go/concurrent"
  packages = ["."]
  pruneopts = "NUT"
  revision = "bacd9c7ef1dd9b15be4a9909b8ac7a4e313eec94"
  version = "1.0.3"

[[projects]]
  digest = "1:c6aca19413b13dc59c220ad7430329e2ec454cc310bc6d8de2c7e2b93c18a0f6"
  name = "github.com/modern-go/reflect2"
  packages = ["."]
  pruneopts = "NUT"
  revision = "4b7aa43c6742a2c18fdef89dd197aaae7dac7ccd"
  version = "1.0.1"

[[projects]]
  digest = "1:10621c39d6d019314d0ef4d28de9a9f6a065449398f06f73ac3c6a5ae0b6f44e"
  name = "github.com/onsi/ginkgo"
  packages = [
    ".",
    "config",
    "extensions/table",
    "internal/codelocation",
    "internal/containernode",
    "internal/failer",
    "internal/leafnodes",
    "internal/remote",
    "internal/spec",
    "internal/spec_iterator",
    "internal/specrunner",
    "internal/suite",
    "internal/testingtproxy",
    "internal/writer",
    "reporters",
    "reporters/stenographer",
    "reporters/stenographer/support/go-colorable",
    "reporters/stenographer/support/go-isatty",
    "types"
  ]
  pruneopts = "NUT"
  revision = "9eda700730cba42af70d53180f9dcce9266bc2bc"
  version = "v1.4.0"

[[projects]]
  digest = "1:feed851b93f9debbe8180092067c4e29a51c06dbb5fe2f643ec9feea039670a3"
  name = "github.com/onsi/gomega"
  packages = [
    ".",
    "format",
    "internal/assertion",
    "internal/asyncassertion",
    "internal/oraclematcher",
    "internal/testingtsupport",
    "matchers",
    "matchers/support/goraph/bipartitegraph",
    "matchers/support/goraph/edge",
    "matchers/support/goraph/node",
    "matchers/support/goraph/util",
    "types"
  ]
  pruneopts = "NUT"
  revision = "003f63b7f4cff3fc95357005358af2de0f5fe152"
  version = "v1.3.0"

[[projects]]
  digest = "1:e0cc8395ea893c898ff5eb0850f4d9851c1f57c78c232304a026379a47a552d0"
  name = "github.com/opencontainers/go-digest"
  packages = ["."]
  pruneopts = "NUT"
  revision = "279bed98673dd5bef374d3b6e4b09e2af76183bf"
  version = "v1.0.0-rc1"

[[projects]]
  digest = "1:93b1d84c5fa6d1ea52f4114c37714cddd84d5b78f151b62bb101128dd51399bf"
  name = "github.com/pborman/uuid"
  packages = ["."]
  pruneopts = "NUT"
  revision = "adf5a7427709b9deb95d29d3fa8a2bf9cfd388f1"
  version = "v1.2"

[[projects]]
  branch = "master"
  digest = "1:89da0f0574bc94cfd0ac8b59af67bf76cdd110d503df2721006b9f0492394333"
  name = "github.com/petar/GoLLRB"
  packages = ["llrb"]
  pruneopts = "NUT"
  revision = "33fb24c13b99c46c93183c291836c573ac382536"

[[projects]]
  digest = "1:e1b94bd98c62fc2f905621fc6ba8209b7004e4513a1dfecb12a3de56ec2bb519"
  name = "github.com/peterbourgon/diskv"
  packages = ["."]
  pruneopts = "NUT"
  revision = "0be1b92a6df0e4f5cb0a5d15fb7f643d0ad93ce6"
  version = "v3.0.0"

[[projects]]
  digest = "1:89fa4c7ac713710640c83ec0461b78fc21c2eda6deca064fe461eef1b8bca303"
  name = "github.com/pkg/errors"
  packages = ["."]
  pruneopts = "NUT"
  revision = "816c9085562cd7ee03e7f8188a1cfd942858cded"

[[projects]]
  digest = "1:3d7ad9c93ee2e43dc7dd48b76f96804c365be7fe30e75f7405028c4e633d189a"
  name = "github.com/prometheus/client_golang"
  packages = [
    "prometheus",
    "prometheus/internal",
    "prometheus/promhttp"
  ]
  pruneopts = "NUT"
  revision = "2641b987480bca71fb39738eb8c8b0d577cb1d76"
  version = "v0.9.4"

[[projects]]
  branch = "master"
  digest = "1:2d5cd61daa5565187e1d96bae64dbbc6080dacf741448e9629c64fd93203b0d4"
  name = "github.com/prometheus/client_model"
  packages = ["go"]
  pruneopts = "NUT"
  revision = "fd36f4220a901265f90734c3183c5f0c91daa0b8"

[[projects]]
  digest = "1:d03ca24670416dc8fccc78b05d6736ec655416ca7db0a028e8fb92cfdfe3b55e"
  name = "github.com/prometheus/common"
  packages = [
    "expfmt",
    "internal/bitbucket.org/ww/goautoneg",
    "model"
  ]
  pruneopts = "NUT"
  revision = "17f5ca1748182ddf24fc33a5a7caaaf790a52fcc"
  version = "v0.4.1"

[[projects]]
  digest = "1:afe5de112e0ca26a37730f01bc4bac9aabe9843cbfd66034f0c16e5a1fbd045b"
  name = "github.com/prometheus/procfs"
  packages = [
    ".",
    "internal/fs"
  ]
  pruneopts = "NUT"
  revision = "833678b5bb319f2d20a475cb165c6cc59c2cc77c"
  version = "v0.0.2"

[[projects]]
  digest = "1:e09ada96a5a41deda4748b1659cc8953961799e798aea557257b56baee4ecaf3"
  name = "github.com/rogpeppe/go-internal"
  packages = [
    "modfile",
    "module",
    "semver"
  ]
  pruneopts = "NUT"
  revision = "438578804ca6f31be148c27683afc419ce47c06e"
  version = "v1.3.0"

[[projects]]
  branch = "master"
  digest = "1:6c9ffc8e817fe638d8169ceadc7bb32b12973ff953c2e686d4ac2a487024a6b2"
  name = "github.com/rubenv/sql-migrate"
  packages = [
    ".",
    "sqlparse"
  ]
  pruneopts = "NUT"
  revision = "54bad0a9b051368ffec9cd2b869789c2b8eaea35"

[[projects]]
  digest = "1:118f00f400c10c1dd21a267fd04697c758dbe9a38cf5fa3fab3bb3625af9efe7"
  name = "github.com/russross/blackfriday"
  packages = ["."]
  pruneopts = "NUT"
  revision = "300106c228d52c8941d4b3de6054a6062a86dda3"

[[projects]]
  digest = "1:debf1a119378d059b68925f1796851b6855bfc2f55419a50d634ecce3eabd8e8"
  name = "github.com/shurcooL/sanitized_anchor_name"
  packages = ["."]
  pruneopts = "NUT"
  revision = "7bfe4c7ecddb3666a94b053b422cdd8f5aaa3615"
  version = "v1.0.0"

[[projects]]
  digest = "1:f4aaa07a6c33f2b354726d0571acbc8ca118837c75709f6353203ae1a3f8eeab"
  name = "github.com/sirupsen/logrus"
  packages = ["."]
  pruneopts = "NUT"
  revision = "839c75faf7f98a33d445d181f3018b5c3409a45e"
  version = "v1.4.2"

[[projects]]
  digest = "1:d3533ee568fc00a971617ec09dc0f0b3eddfb4adbc1275f8f6332553d67506b4"
  name = "github.com/spf13/cobra"
  packages = ["."]
  pruneopts = "NUT"
  revision = "f2b07da1e2c38d5f12845a4f607e2e1018cbb1f5"
  version = "v0.0.5"

[[projects]]
  digest = "1:9d8420bbf131d1618bde6530af37c3799340d3762cc47210c1d9532a4c3a2779"
  name = "github.com/spf13/pflag"
  packages = ["."]
  pruneopts = "NUT"
  revision = "298182f68c66c05229eb03ac171abe6e309ee79a"
  version = "v1.0.3"

[[projects]]
  digest = "1:58dfc16edf3b9550f92cdabbe23c8cb7043516e366d4d7bf7409a75193b8ecbd"
  name = "github.com/technosophos/moniker"
  packages = ["."]
  pruneopts = "NUT"
  revision = "a5dbd03a2245d554160e3ae6bfdcf969fe58b431"
  version = "0.2.0"

[[projects]]
  digest = "1:cc9d86ec4e6e3bdf87e3a421273bfeed003cf8e21351c0302fe8b0eb7b10efe6"
  name = "go.uber.org/atomic"
  packages = ["."]
  pruneopts = "NUT"
  revision = "df976f2515e274675050de7b3f42545de80594fd"
  version = "v1.4.0"

[[projects]]
  digest = "1:58ca93bdf81bac106ded02226b5395a0595d5346cdc4caa8d9c1f3a5f8f9976e"
  name = "go.uber.org/multierr"
  packages = ["."]
  pruneopts = "NUT"
  revision = "3c4937480c32f4c13a875a1829af76c98ca3d40a"
  version = "v1.1.0"

[[projects]]
  digest = "1:4af5a022f8c5c97734c3c6fad58fdce078e2322ddc98d3102b225a729f03916e"
  name = "go.uber.org/zap"
  packages = [
    ".",
    "buffer",
    "internal/bufferpool",
    "internal/color",
    "internal/exit",
    "zapcore"
  ]
  pruneopts = "NUT"
  revision = "27376062155ad36be76b0f12cf1572a221d3a48c"
  version = "v1.10.0"

[[projects]]
  branch = "master"
  digest = "1:00a5acf940e6353519322aee5043d7b2343c67e9af256dbf78399f856824e7f7"
  name = "golang.org/x/crypto"
  packages = [
    "curve25519",
    "ed25519",
    "ed25519/internal/edwards25519",
    "internal/chacha20",
    "internal/subtle",
    "pbkdf2",
    "poly1305",
    "scrypt",
    "ssh",
    "ssh/terminal"
  ]
  pruneopts = "NUT"
  revision = "5c40567a22f818bd14a1ea7245dad9f8ef0691aa"

[[projects]]
  branch = "master"
  digest = "1:35422ecdacb7ab85f708808ee0a3b4538e7ee9ec90913cb1d622b93176bbc8b7"
  name = "golang.org/x/net"
  packages = [
    "bpf",
    "context",
    "context/ctxhttp",
    "html",
    "html/atom",
    "html/charset",
    "http/httpguts",
    "http2",
    "http2/hpack",
    "idna",
    "internal/iana",
    "internal/socket",
    "internal/timeseries",
    "ipv4",
    "ipv6",
    "trace"
  ]
  pruneopts = "NUT"
  revision = "d28f0bde5980168871434b95cfc858db9f2a7a99"

[[projects]]
  branch = "master"
  digest = "1:f3a2e6d7423b8c19cdb2203cda9672900cc43012ea69f30ff6874dd453f44aec"
  name = "golang.org/x/oauth2"
  packages = [
    ".",
    "internal"
  ]
  pruneopts = "NUT"
  revision = "0f29369cfe4552d0e4bcddc57cc75f4d7e672a33"

[[projects]]
  branch = "master"
  digest = "1:382bb5a7fb4034db3b6a2d19e5a4a6bcf52f4750530603c01ca18a172fa3089b"
  name = "golang.org/x/sync"
  packages = ["semaphore"]
  pruneopts = "NUT"
  revision = "112230192c580c3556b8cee6403af37a4fc5f28c"

[[projects]]
  branch = "master"
  digest = "1:9889d43311e0f237ce209b1f5cbb1f22badef04f806df507dda8344029e452e5"
  name = "golang.org/x/sys"
  packages = [
    "cpu",
    "unix",
    "windows"
  ]
  pruneopts = "NUT"
  revision = "15dcb6c0061f497a3f66e3ea034b629c6dd4d99e"

[[projects]]
  digest = "1:0b5dc8c3581fc3ea2b80cc2e360dfb9c2d61dd0cba0d2fe247e8edd3e83f7551"
  name = "golang.org/x/text"
  packages = [
    "collate",
    "collate/build",
    "encoding",
    "encoding/charmap",
    "encoding/htmlindex",
    "encoding/internal",
    "encoding/internal/identifier",
    "encoding/japanese",
    "encoding/korean",
    "encoding/simplifiedchinese",
    "encoding/traditionalchinese",
    "encoding/unicode",
    "internal/colltab",
    "internal/gen",
    "internal/language",
    "internal/language/compact",
    "internal/tag",
    "internal/triegen",
    "internal/ucd",
    "internal/utf8internal",
    "language",
    "runes",
    "secure/bidirule",
    "transform",
    "unicode/bidi",
    "unicode/cldr",
    "unicode/norm",
    "unicode/rangetable",
    "width"
  ]
  pruneopts = "NUT"
  revision = "342b2e1fbaa52c93f31447ad2c6abc048c63e475"
  version = "v0.3.2"

[[projects]]
  branch = "master"
  digest = "1:9fdc2b55e8e0fafe4b41884091e51e77344f7dc511c5acedcfd98200003bff90"
  name = "golang.org/x/time"
  packages = ["rate"]
  pruneopts = "NUT"
  revision = "9d24e82272b4f38b78bc8cff74fa936d31ccd8ef"

[[projects]]
  branch = "master"
  digest = "1:93b44cae9e7a8386b1703d937a16e16b87b4c3b201c722f6eedc1dd1c2734e17"
  name = "golang.org/x/tools"
  packages = [
    "go/ast/astutil",
    "go/gcexportdata",
    "go/internal/gcimporter",
    "go/internal/packagesdriver",
    "go/packages",
    "go/types/typeutil",
    "imports",
    "internal/fastwalk",
    "internal/gopathwalk",
    "internal/imports",
    "internal/module",
    "internal/semver"
  ]
  pruneopts = "NUT"
  revision = "5aca471b1d59ca42d39ca6419e64061391b9a6ad"

[[projects]]
  digest = "1:372cd8eba449f9b6db06677d0e73fa193ec5b19aaee148f355503ab6127045ca"
  name = "google.golang.org/appengine"
  packages = [
    "internal",
    "internal/base",
    "internal/datastore",
    "internal/log",
    "internal/remote_api",
    "internal/urlfetch",
    "urlfetch"
  ]
  pruneopts = "NUT"
  revision = "b2f4a3cf3c67576a2ee09e1fe62656a5086ce880"
  version = "v1.6.1"

[[projects]]
  branch = "master"
  digest = "1:583a0c80f5e3a9343d33aea4aead1e1afcc0043db66fdf961ddd1fe8cd3a4faf"
  name = "google.golang.org/genproto"
  packages = ["googleapis/rpc/status"]
  pruneopts = "NUT"
  revision = "a7e196e89fd3a3c4d103ca540bd5dac3a736e375"

[[projects]]
  digest = "1:1ec4bc6f7cbf98268fafafea40cdeb5ff5d4914cc9b9ef615fbbfc1ac43c0622"
  name = "google.golang.org/grpc"
  packages = [
    ".",
    "balancer",
    "balancer/base",
    "balancer/roundrobin",
    "binarylog/grpc_binarylog_v1",
    "codes",
    "connectivity",
    "credentials",
    "credentials/internal",
    "encoding",
    "encoding/proto",
    "grpclog",
    "internal",
    "internal/backoff",
    "internal/balancerload",
    "internal/binarylog",
    "internal/channelz",
    "internal/envconfig",
    "internal/grpcrand",
    "internal/grpcsync",
    "internal/syscall",
    "internal/transport",
    "keepalive",
    "metadata",
    "naming",
    "peer",
    "resolver",
    "resolver/dns",
    "resolver/passthrough",
    "stats",
    "status",
    "tap"
  ]
  pruneopts = "NUT"
  revision = "501c41df7f472c740d0674ff27122f3f48c80ce7"
  version = "v1.21.1"

[[projects]]
  digest = "1:1bfe1fa433123b451bb1a2a1a5d094322821b9463f5bf8eade67e71d7532e3d0"
  name = "gopkg.in/gorp.v1"
  packages = ["."]
  pruneopts = "NUT"
  revision = "6a667da9c028871f98598d85413e3fc4c6daa52e"
  version = "v1.7.2"

[[projects]]
  digest = "1:2d1fbdc6777e5408cabeb02bf336305e724b925ff4546ded0fa8715a7267922a"
  name = "gopkg.in/inf.v0"
  packages = ["."]
  pruneopts = "NUT"
  revision = "d2d2541c53f18d2a059457998ce2876cc8e67cbf"
  version = "v0.9.1"

[[projects]]
  digest = "1:374eeb0db486b8f7e2c7bb8391f5336c71fe9482c97b180ae14a664eba8549cb"
  name = "gopkg.in/square/go-jose.v2"
  packages = [
    ".",
    "cipher",
    "json",
    "jwt"
  ]
  pruneopts = "NUT"
  revision = "730df5f748271903322feb182be83b43ebbbe27d"
  version = "v2.3.1"

[[projects]]
  digest = "1:18108594151654e9e696b27b181b953f9a90b16bf14d253dd1b397b025a1487f"
  name = "gopkg.in/yaml.v2"
  packages = ["."]
  pruneopts = "NUT"
  revision = "51d6538a90f86fe93ac480b35f37b2be17fef232"
  version = "v2.2.2"

[[projects]]
  digest = "1:18b9b70bdf29da610c0df032cf60ee7526a48756fa44012cc639dcb557335cbc"
  name = "k8s.io/api"
  packages = [
    "admission/v1beta1",
    "admissionregistration/v1alpha1",
    "admissionregistration/v1beta1",
    "apps/v1",
    "apps/v1beta1",
    "apps/v1beta2",
    "auditregistration/v1alpha1",
    "authentication/v1",
    "authentication/v1beta1",
    "authorization/v1",
    "authorization/v1beta1",
    "autoscaling/v1",
    "autoscaling/v2beta1",
    "autoscaling/v2beta2",
    "batch/v1",
    "batch/v1beta1",
    "batch/v2alpha1",
    "certificates/v1beta1",
    "coordination/v1beta1",
    "core/v1",
    "events/v1beta1",
    "extensions/v1beta1",
    "imagepolicy/v1alpha1",
    "networking/v1",
    "policy/v1beta1",
    "rbac/v1",
    "rbac/v1alpha1",
    "rbac/v1beta1",
    "scheduling/v1alpha1",
    "scheduling/v1beta1",
    "settings/v1alpha1",
    "storage/v1",
    "storage/v1alpha1",
    "storage/v1beta1"
  ]
  pruneopts = "NUT"
  revision = "5cb15d34447165a97c76ed5a60e4e99c8a01ecfe"
  version = "kubernetes-1.13.4"

[[projects]]
  digest = "1:09949d3a2ceff9874863e6dd454f553696fdfac4a8d35b931cc7fd8556f7b5ca"
  name = "k8s.io/apiextensions-apiserver"
  packages = [
    "pkg/apis/apiextensions",
    "pkg/apis/apiextensions/v1beta1",
    "pkg/client/clientset/clientset",
    "pkg/client/clientset/clientset/scheme",
    "pkg/client/clientset/clientset/typed/apiextensions/v1beta1",
    "pkg/features"
  ]
  pruneopts = "NUT"
  revision = "d002e88f6236312f0289d9d1deab106751718ff0"
  version = "kubernetes-1.13.4"

[[projects]]
  digest = "1:ff2d60e8a606f2a6679122777587a1051e076519c390ba910f07dafe5689176f"
  name = "k8s.io/apimachinery"
  packages = [
    "pkg/api/equality",
    "pkg/api/errors",
    "pkg/api/meta",
    "pkg/api/resource",
    "pkg/api/validation",
    "pkg/apis/config",
    "pkg/apis/meta/internalversion",
    "pkg/apis/meta/v1",
    "pkg/apis/meta/v1/unstructured",
    "pkg/apis/meta/v1/unstructured/unstructuredscheme",
    "pkg/apis/meta/v1/validation",
    "pkg/apis/meta/v1beta1",
    "pkg/conversion",
    "pkg/conversion/queryparams",
    "pkg/fields",
    "pkg/labels",
    "pkg/runtime",
    "pkg/runtime/schema",
    "pkg/runtime/serializer",
    "pkg/runtime/serializer/json",
    "pkg/runtime/serializer/protobuf",
    "pkg/runtime/serializer/recognizer",
    "pkg/runtime/serializer/streaming",
    "pkg/runtime/serializer/versioning",
    "pkg/selection",
    "pkg/types",
    "pkg/util/cache",
    "pkg/util/clock",
    "pkg/util/diff",
    "pkg/util/duration",
    "pkg/util/errors",
    "pkg/util/framer",
    "pkg/util/httpstream",
    "pkg/util/httpstream/spdy",
    "pkg/util/intstr",
    "pkg/util/json",
    "pkg/util/mergepatch",
    "pkg/util/naming",
    "pkg/util/net",
    "pkg/util/rand",
    "pkg/util/remotecommand",
    "pkg/util/runtime",
    "pkg/util/sets",
    "pkg/util/strategicpatch",
    "pkg/util/uuid",
    "pkg/util/validation",
    "pkg/util/validation/field",
    "pkg/util/wait",
    "pkg/util/yaml",
    "pkg/version",
    "pkg/watch",
    "third_party/forked/golang/json",
    "third_party/forked/golang/netutil",
    "third_party/forked/golang/reflect"
  ]
  pruneopts = "NUT"
  revision = "86fb29eff6288413d76bd8506874fddd9fccdff0"
  version = "kubernetes-1.13.4"

[[projects]]
  digest = "1:5952dd60d6f633bad69f8c99fee24db4fad319844f9115e119ae2516d9730fe4"
  name = "k8s.io/apiserver"
  packages = [
    "pkg/authentication/authenticator",
    "pkg/authentication/serviceaccount",
    "pkg/authentication/user",
    "pkg/features",
    "pkg/util/feature"
  ]
  pruneopts = "NUT"
  revision = "79427f02047f9189a75b8cdaadccaf65a126853e"
  version = "kubernetes-1.13.4"

[[projects]]
  branch = "release-1.12"
  digest = "1:7991e5074de01462e0cf6ef77060895b50e9026d16152a6e925cb99b67a1f8ae"
  name = "k8s.io/cli-runtime"
  packages = [
    "pkg/genericclioptions",
    "pkg/genericclioptions/printers",
    "pkg/genericclioptions/resource"
  ]
  pruneopts = "NUT"
  revision = "11047e25a94a7eaa541b92a8bbfd3e1243607219"

[[projects]]
  digest = "1:a61daa23ebc1e5fd33b82a9948d2295a00ac70a3aac0a83b6fc8213599b6c363"
  name = "k8s.io/client-go"
  packages = [
    "discovery",
    "discovery/cached",
    "dynamic",
    "kubernetes",
    "kubernetes/scheme",
    "kubernetes/typed/admissionregistration/v1alpha1",
    "kubernetes/typed/admissionregistration/v1beta1",
    "kubernetes/typed/apps/v1",
    "kubernetes/typed/apps/v1beta1",
    "kubernetes/typed/apps/v1beta2",
    "kubernetes/typed/auditregistration/v1alpha1",
    "kubernetes/typed/authentication/v1",
    "kubernetes/typed/authentication/v1beta1",
    "kubernetes/typed/authorization/v1",
    "kubernetes/typed/authorization/v1beta1",
    "kubernetes/typed/autoscaling/v1",
    "kubernetes/typed/autoscaling/v2beta1",
    "kubernetes/typed/autoscaling/v2beta2",
    "kubernetes/typed/batch/v1",
    "kubernetes/typed/batch/v1beta1",
    "kubernetes/typed/batch/v2alpha1",
    "kubernetes/typed/certificates/v1beta1",
    "kubernetes/typed/coordination/v1beta1",
    "kubernetes/typed/core/v1",
    "kubernetes/typed/events/v1beta1",
    "kubernetes/typed/extensions/v1beta1",
    "kubernetes/typed/networking/v1",
    "kubernetes/typed/policy/v1beta1",
    "kubernetes/typed/rbac/v1",
    "kubernetes/typed/rbac/v1alpha1",
    "kubernetes/typed/rbac/v1beta1",
    "kubernetes/typed/scheduling/v1alpha1",
    "kubernetes/typed/scheduling/v1beta1",
    "kubernetes/typed/settings/v1alpha1",
    "kubernetes/typed/storage/v1",
    "kubernetes/typed/storage/v1alpha1",
    "kubernetes/typed/storage/v1beta1",
    "pkg/apis/clientauthentication",
    "pkg/apis/clientauthentication/v1alpha1",
    "pkg/apis/clientauthentication/v1beta1",
    "pkg/version",
    "plugin/pkg/client/auth/exec",
    "rest",
    "rest/watch",
    "restmapper",
    "scale",
    "scale/scheme",
    "scale/scheme/appsint",
    "scale/scheme/appsv1beta1",
    "scale/scheme/appsv1beta2",
    "scale/scheme/autoscalingv1",
    "scale/scheme/extensionsint",
    "scale/scheme/extensionsv1beta1",
    "third_party/forked/golang/template",
    "tools/auth",
    "tools/cache",
    "tools/clientcmd",
    "tools/clientcmd/api",
    "tools/clientcmd/api/latest",
    "tools/clientcmd/api/v1",
    "tools/leaderelection",
    "tools/leaderelection/resourcelock",
    "tools/metrics",
    "tools/pager",
    "tools/portforward",
    "tools/record",
    "tools/reference",
    "tools/remotecommand",
    "tools/watch",
    "transport",
    "transport/spdy",
    "util/buffer",
    "util/cert",
    "util/connrotation",
    "util/exec",
    "util/flowcontrol",
    "util/homedir",
    "util/integer",
    "util/jsonpath",
    "util/retry",
    "util/workqueue"
  ]
  pruneopts = "NUT"
  revision = "b40b2a5939e43f7ffe0028ad67586b7ce50bb675"
  version = "kubernetes-1.13.4"

[[projects]]
  digest = "1:dc1ae99dcab96913d81ae970b1f7a7411a54199b14bfb17a7e86f9a56979c720"
  name = "k8s.io/code-generator"
  packages = [
    "cmd/client-gen",
    "cmd/client-gen/args",
    "cmd/client-gen/generators",
    "cmd/client-gen/generators/fake",
    "cmd/client-gen/generators/scheme",
    "cmd/client-gen/generators/util",
    "cmd/client-gen/path",
    "cmd/client-gen/types",
    "cmd/conversion-gen",
    "cmd/conversion-gen/args",
    "cmd/conversion-gen/generators",
    "cmd/deepcopy-gen",
    "cmd/deepcopy-gen/args",
    "cmd/defaulter-gen",
    "cmd/defaulter-gen/args",
    "cmd/informer-gen",
    "cmd/informer-gen/args",
    "cmd/informer-gen/generators",
    "cmd/lister-gen",
    "cmd/lister-gen/args",
    "cmd/lister-gen/generators",
    "pkg/util"
  ]
  pruneopts = "T"
  revision = "c2090bec4d9b1fb25de3812f868accc2bc9ecbae"
  version = "kubernetes-1.13.4"

[[projects]]
  branch = "master"
  digest = "1:39912eb5f8eaf46486faae0839586c27c93423e552f76875defa048f52c15c15"
  name = "k8s.io/gengo"
  packages = [
    "args",
    "examples/deepcopy-gen/generators",
    "examples/defaulter-gen/generators",
    "examples/set-gen/sets",
    "generator",
    "namer",
    "parser",
    "types"
  ]
  pruneopts = "NUT"
  revision = "e17681d19d3ac4837a019ece36c2a0ec31ffe985"

[[projects]]
  digest = "1:4a3a23091d3c46ea6ddc9d1d052af84d7533bad47d6d14cedf75fea2dcdd2677"
  name = "k8s.io/helm"
  packages = [
    "pkg/chartutil",
    "pkg/engine",
    "pkg/hooks",
    "pkg/ignore",
    "pkg/kube",
    "pkg/manifest",
    "pkg/proto/hapi/chart",
    "pkg/proto/hapi/release",
    "pkg/proto/hapi/rudder",
    "pkg/proto/hapi/services",
    "pkg/proto/hapi/version",
    "pkg/releasetesting",
    "pkg/releaseutil",
    "pkg/rudder",
    "pkg/storage",
    "pkg/storage/driver",
    "pkg/storage/errors",
    "pkg/sympath",
    "pkg/tiller",
    "pkg/tiller/environment",
    "pkg/timeconv",
    "pkg/version"
  ]
  pruneopts = "NUT"
  revision = "618447cbf203d147601b4b9bd7f8c37a5d39fbb4"
  version = "v2.13.1"

[[projects]]
  digest = "1:43099cc4ed575c40f80277c7ba7168df37d0c663bdc4f541325430bd175cce8a"
  name = "k8s.io/klog"
  packages = ["."]
  pruneopts = "NUT"
  revision = "d98d8acdac006fb39831f1b25640813fef9c314f"
  version = "v0.3.3"

[[projects]]
  digest = "1:5af2af25fcb1f6903a75ae5eb4ded559ef4c6e6a53116dc8484e45395ce44612"
  name = "k8s.io/kube-aggregator"
  packages = [
    "pkg/apis/apiregistration",
    "pkg/apis/apiregistration/v1",
    "pkg/apis/apiregistration/v1beta1",
    "pkg/client/clientset_generated/clientset",
    "pkg/client/clientset_generated/clientset/scheme",
    "pkg/client/clientset_generated/clientset/typed/apiregistration/v1",
    "pkg/client/clientset_generated/clientset/typed/apiregistration/v1beta1"
  ]
  pruneopts = "NUT"
  revision = "3e0149950b0e22a3b8579db52bd50e40d0dac10e"
  version = "kubernetes-1.13.4"

[[projects]]
  branch = "master"
  digest = "1:924e91450bb9db6a967666a9c6fa3b9499da85256962c58e7c4ed19caf68c91e"
  name = "k8s.io/kube-openapi"
  packages = [
    "pkg/util/proto",
    "pkg/util/proto/validation"
  ]
  pruneopts = "NUT"
  revision = "db7b694dc208eead64d38030265f702db593fcf2"

[[projects]]
  digest = "1:2f74601002e78f83998aa657a1e307fe270ac1ae5008b3fcad39bed266e67332"
  name = "k8s.io/kubernetes"
  packages = [
    "pkg/api/legacyscheme",
    "pkg/api/service",
    "pkg/api/v1/pod",
    "pkg/apis/apps",
    "pkg/apis/apps/install",
    "pkg/apis/apps/v1",
    "pkg/apis/apps/v1beta1",
    "pkg/apis/apps/v1beta2",
    "pkg/apis/authentication",
    "pkg/apis/authentication/install",
    "pkg/apis/authentication/v1",
    "pkg/apis/authentication/v1beta1",
    "pkg/apis/authorization",
    "pkg/apis/authorization/install",
    "pkg/apis/authorization/v1",
    "pkg/apis/authorization/v1beta1",
    "pkg/apis/autoscaling",
    "pkg/apis/autoscaling/install",
    "pkg/apis/autoscaling/v1",
    "pkg/apis/autoscaling/v2beta1",
    "pkg/apis/autoscaling/v2beta2",
    "pkg/apis/batch",
    "pkg/apis/batch/install",
    "pkg/apis/batch/v1",
    "pkg/apis/batch/v1beta1",
    "pkg/apis/batch/v2alpha1",
    "pkg/apis/certificates",
    "pkg/apis/certificates/install",
    "pkg/apis/certificates/v1beta1",
    "pkg/apis/coordination",
    "pkg/apis/coordination/install",
    "pkg/apis/coordination/v1beta1",
    "pkg/apis/core",
    "pkg/apis/core/helper",
    "pkg/apis/core/install",
    "pkg/apis/core/pods",
    "pkg/apis/core/v1",
    "pkg/apis/core/v1/helper",
    "pkg/apis/core/validation",
    "pkg/apis/events",
    "pkg/apis/events/install",
    "pkg/apis/events/v1beta1",
    "pkg/apis/extensions",
    "pkg/apis/extensions/install",
    "pkg/apis/extensions/v1beta1",
    "pkg/apis/networking",
    "pkg/apis/policy",
    "pkg/apis/policy/install",
    "pkg/apis/policy/v1beta1",
    "pkg/apis/rbac",
    "pkg/apis/rbac/install",
    "pkg/apis/rbac/v1",
    "pkg/apis/rbac/v1alpha1",
    "pkg/apis/rbac/v1beta1",
    "pkg/apis/scheduling",
    "pkg/apis/scheduling/install",
    "pkg/apis/scheduling/v1alpha1",
    "pkg/apis/scheduling/v1beta1",
    "pkg/apis/settings",
    "pkg/apis/settings/install",
    "pkg/apis/settings/v1alpha1",
    "pkg/apis/storage",
    "pkg/apis/storage/install",
    "pkg/apis/storage/util",
    "pkg/apis/storage/v1",
    "pkg/apis/storage/v1alpha1",
    "pkg/apis/storage/v1beta1",
    "pkg/capabilities",
    "pkg/controller",
    "pkg/controller/deployment/util",
    "pkg/features",
    "pkg/fieldpath",
    "pkg/kubectl/cmd/get",
    "pkg/kubectl/cmd/util",
    "pkg/kubectl/cmd/util/openapi",
    "pkg/kubectl/cmd/util/openapi/validation",
    "pkg/kubectl/generated",
    "pkg/kubectl/scheme",
    "pkg/kubectl/util/i18n",
    "pkg/kubectl/util/printers",
    "pkg/kubectl/util/templates",
    "pkg/kubectl/util/term",
    "pkg/kubectl/validation",
    "pkg/kubelet/apis",
    "pkg/kubelet/types",
    "pkg/master/ports",
    "pkg/printers",
    "pkg/printers/internalversion",
    "pkg/scheduler/api",
    "pkg/security/apparmor",
    "pkg/serviceaccount",
    "pkg/util/file",
    "pkg/util/hash",
    "pkg/util/interrupt",
    "pkg/util/labels",
    "pkg/util/net/sets",
    "pkg/util/node",
    "pkg/util/parsers",
    "pkg/util/taints",
    "pkg/version"
  ]
  pruneopts = "NUT"
  revision = "4683545293d792934a7a7e12f2cc47d20b2dd01b"
  version = "v1.13.7"

[[projects]]
  branch = "master"
  digest = "1:031e8cc79fd130d3bdfa724071de2e7fbe4a9dfa51c1a3305bae2562c8771d11"
  name = "k8s.io/utils"
  packages = [
    "exec",
    "pointer"
  ]
  pruneopts = "NUT"
  revision = "c55fbcfc754a5b2ec2fbae8fb9dcac36bdba6a12"

[[projects]]
  digest = "1:8d8d4f7a1a5a4b33a122b9869d5d689c8a8e6dd6bb958ef756c6bf24a0db8cf6"
  name = "sigs.k8s.io/controller-runtime"
  packages = [
    "pkg/cache",
    "pkg/cache/internal",
    "pkg/client",
    "pkg/client/apiutil",
    "pkg/controller",
    "pkg/controller/controllerutil",
    "pkg/event",
    "pkg/handler",
    "pkg/internal/controller",
    "pkg/internal/controller/metrics",
    "pkg/internal/objectutil",
    "pkg/internal/recorder",
    "pkg/leaderelection",
    "pkg/manager",
    "pkg/metrics",
    "pkg/patch",
    "pkg/predicate",
    "pkg/reconcile",
    "pkg/recorder",
    "pkg/runtime/inject",
    "pkg/runtime/log",
    "pkg/runtime/signals",
    "pkg/source",
    "pkg/source/internal",
    "pkg/webhook/admission",
    "pkg/webhook/admission/types",
    "pkg/webhook/internal/metrics",
    "pkg/webhook/types"
  ]
  pruneopts = "NUT"
  revision = "477bf4f046c31c351b46fa00262bc814ac0bbca1"
  version = "v0.1.11"

[[projects]]
  digest = "1:8730e0150dfb2b7e173890c8b9868e7a273082ef8e39f4940e3506a481cf895c"
  name = "sigs.k8s.io/yaml"
  packages = ["."]
  pruneopts = "NUT"
  revision = "fd68e9863619f6ec2fdd8625fe1f02e7c877e480"
  version = "v1.1.0"

[[projects]]
  branch = "master"
  digest = "1:ccaa5810f7d18dbe4bacc8cfdb5b5060282fd607c78ed92f584d706012fbd40b"
  name = "vbom.ml/util"
  packages = ["sortorder"]
  pruneopts = "NUT"
  revision = "efcd4e0f97874370259c7d93e12aad57911dea81"

[solve-meta]
  analyzer-name = "dep"
  analyzer-version = 1
  input-imports = [
    "github.com/gardener/gardener-extensions/pkg/controller",
    "github.com/gardener/gardener-extensions/pkg/controller/cmd",
    "github.com/gardener/gardener-extensions/pkg/controller/controlplane",
    "github.com/gardener/gardener-extensions/pkg/controller/controlplane/genericactuator",
    "github.com/gardener/gardener-extensions/pkg/controller/error",
    "github.com/gardener/gardener-extensions/pkg/controller/infrastructure",
    "github.com/gardener/gardener-extensions/pkg/controller/worker",
    "github.com/gardener/gardener-extensions/pkg/controller/worker/genericactuator",
    "github.com/gardener/gardener-extensions/pkg/mock/controller-runtime/client",
    "github.com/gardener/gardener-extensions/pkg/mock/gardener/client/kubernetes",
    "github.com/gardener/gardener-extensions/pkg/util",
    "github.com/gardener/gardener/pkg/apis/core",
    "github.com/gardener/gardener/pkg/apis/core/v1alpha1",
    "github.com/gardener/gardener/pkg/apis/core/v1alpha1/helper",
    "github.com/gardener/gardener/pkg/apis/extensions/v1alpha1",
    "github.com/gardener/gardener/pkg/apis/garden/v1beta1",
    "github.com/gardener/gardener/pkg/chartrenderer",
    "github.com/gardener/gardener/pkg/client/kubernetes",
    "github.com/gardener/gardener/pkg/logger",
    "github.com/gardener/gardener/pkg/operation/common",
    "github.com/gardener/gardener/pkg/operation/terraformer",
    "github.com/gardener/gardener/pkg/utils/chart",
    "github.com/gardener/gardener/pkg/utils/flow",
    "github.com/gardener/gardener/pkg/utils/imagevector",
    "github.com/gardener/gardener/pkg/utils/kubernetes",
    "github.com/gardener/gardener/pkg/utils/secrets",
    "github.com/gardener/machine-controller-manager/pkg/apis/machine/v1alpha1",
    "github.com/gardener/machine-controller-manager/pkg/client/clientset/versioned/scheme",
    "github.com/go-logr/logr",
    "github.com/gobuffalo/packr/v2",
    "github.com/golang/mock/gomock",
    "github.com/onsi/ginkgo",
    "github.com/onsi/ginkgo/extensions/table",
    "github.com/onsi/gomega",
    "github.com/pkg/errors",
    "github.com/spf13/cobra",
    "github.com/spf13/pflag",
    "k8s.io/api/apps/v1",
    "k8s.io/api/core/v1",
    "k8s.io/api/rbac/v1",
    "k8s.io/apiextensions-apiserver/pkg/client/clientset/clientset/scheme",
    "k8s.io/apimachinery/pkg/api/errors",
    "k8s.io/apimachinery/pkg/api/resource",
    "k8s.io/apimachinery/pkg/apis/meta/v1",
    "k8s.io/apimachinery/pkg/conversion",
    "k8s.io/apimachinery/pkg/runtime",
    "k8s.io/apimachinery/pkg/runtime/schema",
    "k8s.io/apimachinery/pkg/runtime/serializer",
    "k8s.io/apimachinery/pkg/runtime/serializer/json",
    "k8s.io/apimachinery/pkg/runtime/serializer/versioning",
    "k8s.io/apimachinery/pkg/util/intstr",
    "k8s.io/apimachinery/pkg/util/runtime",
    "k8s.io/apiserver/pkg/authentication/user",
    "k8s.io/client-go/kubernetes",
    "k8s.io/client-go/rest",
    "k8s.io/client-go/util/retry",
    "k8s.io/code-generator/cmd/client-gen",
    "k8s.io/code-generator/cmd/conversion-gen",
    "k8s.io/code-generator/cmd/deepcopy-gen",
    "k8s.io/code-generator/cmd/defaulter-gen",
    "k8s.io/code-generator/cmd/informer-gen",
    "k8s.io/code-generator/cmd/lister-gen",
    "sigs.k8s.io/controller-runtime/pkg/client",
    "sigs.k8s.io/controller-runtime/pkg/controller",
    "sigs.k8s.io/controller-runtime/pkg/manager",
    "sigs.k8s.io/controller-runtime/pkg/runtime/inject",
    "sigs.k8s.io/controller-runtime/pkg/runtime/log"
  ]
  solver-name = "gps-cdcl"
  solver-version = 1
